{
  "version": "5",
  "specifiers": {
    "jsr:@std/yaml@1": "1.1.0"
  },
  "jsr": {
    "@std/yaml@1.1.0": {
      "integrity": "fc1c5c63e05c4c5eb6118355f557958035d41940d6c29d35b306ef7155d6edb0"
    }
  },
  "workspace": {
    "packageJson": {
      "dependencies": [
        "npm:bun-types@^1.2.0",
        "npm:oxfmt@0.20",
        "npm:oxlint@^1.35.0",
        "npm:turbo@^2.5.0",
        "npm:typescript@^5.8.0"
      ]
    },
    "members": {
      "apps/api": {
        "packageJson": {
          "dependencies": [
            "npm:@langfuse/openai@^5.0.2",
            "npm:@langfuse/otel@^5.0.2",
            "npm:@langfuse/tracing@^5.0.2",
            "npm:@opentelemetry/sdk-node@0.214",
            "npm:@types/bcryptjs@3",
            "npm:bcryptjs@^3.0.2",
            "npm:drizzle-kit@~0.31.4",
            "npm:drizzle-orm@~0.44.5",
            "npm:hono@^4.7.0",
            "npm:openai@^6.7.0",
            "npm:vitest@^4.1.2",
            "npm:zod@^3.25.76"
          ]
        }
      },
      "apps/cli": {
        "packageJson": {
          "dependencies": [
            "npm:commander@^13.1.0"
          ]
        }
      },
      "apps/web": {
        "packageJson": {
          "dependencies": [
            "npm:@base-ui-components/react@^1.0.0-rc.0",
            "npm:@tailwindcss/vite@^4.1.0",
            "npm:@types/react-dom@19",
            "npm:@types/react@19",
            "npm:@vitejs/plugin-react@^4.4.0",
            "npm:class-variance-authority@~0.7.1",
            "npm:clsx@^2.1.1",
            "npm:lucide-react@0.511",
            "npm:react-dom@19",
            "npm:react-router-dom@^7.6.0",
            "npm:react@19",
            "npm:tailwind-merge@^3.3.0",
            "npm:tailwindcss@^4.1.0",
            "npm:vite@^6.3.0",
            "npm:zod@^3.25.76"
          ]
        }
      },
      "packages/shared": {
        "packageJson": {
          "dependencies": [
            "npm:zod@^3.24.0"
          ]
        }
      }
    }
  }
}
